
Microsoft Visual Studio Solution File, Format Version 12.00
Project("{2150E333-8FDC-42A3-9474-1A3956D46DE8}") = "src", "src", "{F5E863F8-8B6A-4A44-A90F-96225802DC6A}"
EndProject
Project("{2150E333-8FDC-42A3-9474-1A3956D46DE8}") = "tests", "tests", "{AE06D190-8183-4353-A976-BA656830B827}"
EndProject
Project("{FAE04EC0-301F-11D3-BF4B-00C04F79EFBC}") = "Builder", "src\Builder\Builder.csproj", "{C31D6E96-631D-4FE1-94B0-BCBEBBD9C730}"
EndProject
Project("{FAE04EC0-301F-11D3-BF4B-00C04F79EFBC}") = "FactoryMethod", "src\FactoryMethod\FactoryMethod.csproj", "{AD34623D-A4B6-4685-9FED-4151501516F7}"
EndProject
Project("{FAE04EC0-301F-11D3-BF4B-00C04F79EFBC}") = "Prototype", "src\Prototype\Prototype.csproj", "{DEF0FAC9-8332-4474-8493-BE79C46F26B2}"
EndProject
Project("{FAE04EC0-301F-11D3-BF4B-00C04F79EFBC}") = "Singleton", "src\Singleton\Singleton.csproj", "{C7A6E2C5-3E12-4C24-813B-1219F23EE3B5}"
EndProject
Project("{2150E333-8FDC-42A3-9474-1A3956D46DE8}") = "Creational", "Creational", "{B883C6F5-135D-4F56-B223-327539CDB204}"
EndProject
Project("{2150E333-8FDC-42A3-9474-1A3956D46DE8}") = "Structural", "Structural", "{D0E8F523-92FF-40BD-9AE7-70660600B5BE}"
EndProject
Project("{2150E333-8FDC-42A3-9474-1A3956D46DE8}") = "Behavioral", "Behavioral", "{B5B0174E-4EDB-4EE7-9DBA-B40D8B62D00D}"
EndProject
Project("{FAE04EC0-301F-11D3-BF4B-00C04F79EFBC}") = "Command", "src\Command\Command.csproj", "{6B8CB28A-2C9B-4CAB-A68A-C53540C0AC26}"
EndProject
Global
	GlobalSection(SolutionConfigurationPlatforms) = preSolution
		Debug|Any CPU = Debug|Any CPU
		Release|Any CPU = Release|Any CPU
	EndGlobalSection
	GlobalSection(NestedProjects) = preSolution
		{B883C6F5-135D-4F56-B223-327539CDB204} = {F5E863F8-8B6A-4A44-A90F-96225802DC6A}
		{C31D6E96-631D-4FE1-94B0-BCBEBBD9C730} = {B883C6F5-135D-4F56-B223-327539CDB204}
		{AD34623D-A4B6-4685-9FED-4151501516F7} = {B883C6F5-135D-4F56-B223-327539CDB204}
		{DEF0FAC9-8332-4474-8493-BE79C46F26B2} = {B883C6F5-135D-4F56-B223-327539CDB204}
		{C7A6E2C5-3E12-4C24-813B-1219F23EE3B5} = {B883C6F5-135D-4F56-B223-327539CDB204}
		{D0E8F523-92FF-40BD-9AE7-70660600B5BE} = {F5E863F8-8B6A-4A44-A90F-96225802DC6A}
		{B5B0174E-4EDB-4EE7-9DBA-B40D8B62D00D} = {F5E863F8-8B6A-4A44-A90F-96225802DC6A}
		{6B8CB28A-2C9B-4CAB-A68A-C53540C0AC26} = {B5B0174E-4EDB-4EE7-9DBA-B40D8B62D00D}
	EndGlobalSection
	GlobalSection(ProjectConfigurationPlatforms) = postSolution
		{C31D6E96-631D-4FE1-94B0-BCBEBBD9C730}.Debug|Any CPU.ActiveCfg = Debug|Any CPU
		{C31D6E96-631D-4FE1-94B0-BCBEBBD9C730}.Debug|Any CPU.Build.0 = Debug|Any CPU
		{C31D6E96-631D-4FE1-94B0-BCBEBBD9C730}.Release|Any CPU.ActiveCfg = Release|Any CPU
		{C31D6E96-631D-4FE1-94B0-BCBEBBD9C730}.Release|Any CPU.Build.0 = Release|Any CPU
		{AD34623D-A4B6-4685-9FED-4151501516F7}.Debug|Any CPU.ActiveCfg = Debug|Any CPU
		{AD34623D-A4B6-4685-9FED-4151501516F7}.Debug|Any CPU.Build.0 = Debug|Any CPU
		{AD34623D-A4B6-4685-9FED-4151501516F7}.Release|Any CPU.ActiveCfg = Release|Any CPU
		{AD34623D-A4B6-4685-9FED-4151501516F7}.Release|Any CPU.Build.0 = Release|Any CPU
		{DEF0FAC9-8332-4474-8493-BE79C46F26B2}.Debug|Any CPU.ActiveCfg = Debug|Any CPU
		{DEF0FAC9-8332-4474-8493-BE79C46F26B2}.Debug|Any CPU.Build.0 = Debug|Any CPU
		{DEF0FAC9-8332-4474-8493-BE79C46F26B2}.Release|Any CPU.ActiveCfg = Release|Any CPU
		{DEF0FAC9-8332-4474-8493-BE79C46F26B2}.Release|Any CPU.Build.0 = Release|Any CPU
		{C7A6E2C5-3E12-4C24-813B-1219F23EE3B5}.Debug|Any CPU.ActiveCfg = Debug|Any CPU
		{C7A6E2C5-3E12-4C24-813B-1219F23EE3B5}.Debug|Any CPU.Build.0 = Debug|Any CPU
		{C7A6E2C5-3E12-4C24-813B-1219F23EE3B5}.Release|Any CPU.ActiveCfg = Release|Any CPU
		{C7A6E2C5-3E12-4C24-813B-1219F23EE3B5}.Release|Any CPU.Build.0 = Release|Any CPU
		{6B8CB28A-2C9B-4CAB-A68A-C53540C0AC26}.Debug|Any CPU.ActiveCfg = Debug|Any CPU
		{6B8CB28A-2C9B-4CAB-A68A-C53540C0AC26}.Debug|Any CPU.Build.0 = Debug|Any CPU
		{6B8CB28A-2C9B-4CAB-A68A-C53540C0AC26}.Release|Any CPU.ActiveCfg = Release|Any CPU
		{6B8CB28A-2C9B-4CAB-A68A-C53540C0AC26}.Release|Any CPU.Build.0 = Release|Any CPU
	EndGlobalSection
EndGlobal
