
Microsoft Visual Studio Solution File, Format Version 12.00
Project("{2150E333-8FDC-42A3-9474-1A3956D46DE8}") = "src", "src", "{F5E863F8-8B6A-4A44-A90F-96225802DC6A}"
EndProject
Project("{2150E333-8FDC-42A3-9474-1A3956D46DE8}") = "tests", "tests", "{AE06D190-8183-4353-A976-BA656830B827}"
EndProject
Project("{FAE04EC0-301F-11D3-BF4B-00C04F79EFBC}") = "Builder", "src\Builder\Builder.csproj", "{C31D6E96-631D-4FE1-94B0-BCBEBBD9C730}"
EndProject
Project("{FAE04EC0-301F-11D3-BF4B-00C04F79EFBC}") = "FactoryMethod", "src\FactoryMethod\FactoryMethod.csproj", "{AD34623D-A4B6-4685-9FED-4151501516F7}"
EndProject
Project("{FAE04EC0-301F-11D3-BF4B-00C04F79EFBC}") = "Prototype", "src\Prototype\Prototype.csproj", "{DEF0FAC9-8332-4474-8493-BE79C46F26B2}"
EndProject
Global
	GlobalSection(SolutionConfigurationPlatforms) = preSolution
		Debug|Any CPU = Debug|Any CPU
		Release|Any CPU = Release|Any CPU
	EndGlobalSection
	GlobalSection(NestedProjects) = preSolution
		{C31D6E96-631D-4FE1-94B0-BCBEBBD9C730} = {F5E863F8-8B6A-4A44-A90F-96225802DC6A}
		{AD34623D-A4B6-4685-9FED-4151501516F7} = {F5E863F8-8B6A-4A44-A90F-96225802DC6A}
		{DEF0FAC9-8332-4474-8493-BE79C46F26B2} = {F5E863F8-8B6A-4A44-A90F-96225802DC6A}
	EndGlobalSection
	GlobalSection(ProjectConfigurationPlatforms) = postSolution
		{C31D6E96-631D-4FE1-94B0-BCBEBBD9C730}.Debug|Any CPU.ActiveCfg = Debug|Any CPU
		{C31D6E96-631D-4FE1-94B0-BCBEBBD9C730}.Debug|Any CPU.Build.0 = Debug|Any CPU
		{C31D6E96-631D-4FE1-94B0-BCBEBBD9C730}.Release|Any CPU.ActiveCfg = Release|Any CPU
		{C31D6E96-631D-4FE1-94B0-BCBEBBD9C730}.Release|Any CPU.Build.0 = Release|Any CPU
		{AD34623D-A4B6-4685-9FED-4151501516F7}.Debug|Any CPU.ActiveCfg = Debug|Any CPU
		{AD34623D-A4B6-4685-9FED-4151501516F7}.Debug|Any CPU.Build.0 = Debug|Any CPU
		{AD34623D-A4B6-4685-9FED-4151501516F7}.Release|Any CPU.ActiveCfg = Release|Any CPU
		{AD34623D-A4B6-4685-9FED-4151501516F7}.Release|Any CPU.Build.0 = Release|Any CPU
		{DEF0FAC9-8332-4474-8493-BE79C46F26B2}.Debug|Any CPU.ActiveCfg = Debug|Any CPU
		{DEF0FAC9-8332-4474-8493-BE79C46F26B2}.Debug|Any CPU.Build.0 = Debug|Any CPU
		{DEF0FAC9-8332-4474-8493-BE79C46F26B2}.Release|Any CPU.ActiveCfg = Release|Any CPU
		{DEF0FAC9-8332-4474-8493-BE79C46F26B2}.Release|Any CPU.Build.0 = Release|Any CPU
	EndGlobalSection
EndGlobal
